// !$*UTF8*$!
{
	archiveVersion = 1;
	classes = {
	};
	objectVersion = 48;
	objects = {

/* Begin PBXBuildFile section */
		C4408FA41F93506900E52FCF /* ic_keyboard_arrow_left_white_3x.png in Resources */ = {isa = PBXBuildFile; fileRef = C4408FA11F93506900E52FCF /* ic_keyboard_arrow_left_white_3x.png */; };
		C4408FA51F93506900E52FCF /* ic_keyboard_arrow_left_white_2x.png in Resources */ = {isa = PBXBuildFile; fileRef = C4408FA21F93506900E52FCF /* ic_keyboard_arrow_left_white_2x.png */; };
		C4408FA61F93506900E52FCF /* ic_keyboard_arrow_left_white.png in Resources */ = {isa = PBXBuildFile; fileRef = C4408FA31F93506900E52FCF /* ic_keyboard_arrow_left_white.png */; };
		C4EDA2761F9344EE00CF1104 /* AppDelegate.swift in Sources */ = {isa = PBXBuildFile; fileRef = C4EDA2751F9344EE00CF1104 /* AppDelegate.swift */; };
		C4EDA2781F9344EE00CF1104 /* ViewController.swift in Sources */ = {isa = PBXBuildFile; fileRef = C4EDA2771F9344EE00CF1104 /* ViewController.swift */; };
		C4EDA27B1F9344EE00CF1104 /* Main.storyboard in Resources */ = {isa = PBXBuildFile; fileRef = C4EDA2791F9344EE00CF1104 /* Main.storyboard */; };
		C4EDA27D1F9344EE00CF1104 /* Assets.xcassets in Resources */ = {isa = PBXBuildFile; fileRef = C4EDA27C1F9344EE00CF1104 /* Assets.xcassets */; };
		C4EDA2801F9344EE00CF1104 /* LaunchScreen.storyboard in Resources */ = {isa = PBXBuildFile; fileRef = C4EDA27E1F9344EE00CF1104 /* LaunchScreen.storyboard */; };
		C4EDA2881F93470000CF1104 /* logo.png in Resources */ = {isa = PBXBuildFile; fileRef = C4EDA2871F9346FF00CF1104 /* logo.png */; };
		C4EDA28A1F93481900CF1104 /* tobias-van-schneider-230167.jpg in Resources */ = {isa = PBXBuildFile; fileRef = C4EDA2891F93481900CF1104 /* tobias-van-schneider-230167.jpg */; };
		C4EDA28E1F934DC300CF1104 /* ic_keyboard_arrow_right_white_2x.png in Resources */ = {isa = PBXBuildFile; fileRef = C4EDA28B1F934DC200CF1104 /* ic_keyboard_arrow_right_white_2x.png */; };
		C4EDA28F1F934DC300CF1104 /* ic_keyboard_arrow_right_white_3x.png in Resources */ = {isa = PBXBuildFile; fileRef = C4EDA28C1F934DC200CF1104 /* ic_keyboard_arrow_right_white_3x.png */; };
		C4EDA2901F934DC300CF1104 /* ic_keyboard_arrow_right_white.png in Resources */ = {isa = PBXBuildFile; fileRef = C4EDA28D1F934DC200CF1104 /* ic_keyboard_arrow_right_white.png */; };
		C4EDA2921F934E7200CF1104 /* if_shop-15_730800.png in Resources */ = {isa = PBXBuildFile; fileRef = C4EDA2911F934E7200CF1104 /* if_shop-15_730800.png */; };
/* End PBXBuildFile section */

/* Begin PBXFileReference section */
		C4408FA11F93506900E52FCF /* ic_keyboard_arrow_left_white_3x.png */ = {isa = PBXFileReference; lastKnownFileType = image.png; path = ic_keyboard_arrow_left_white_3x.png; sourceTree = "<group>"; };
		C4408FA21F93506900E52FCF /* ic_keyboard_arrow_left_white_2x.png */ = {isa = PBXFileReference; lastKnownFileType = image.png; path = ic_keyboard_arrow_left_white_2x.png; sourceTree = "<group>"; };
		C4408FA31F93506900E52FCF /* ic_keyboard_arrow_left_white.png */ = {isa = PBXFileReference; lastKnownFileType = image.png; path = ic_keyboard_arrow_left_white.png; sourceTree = "<group>"; };
		C4EDA2721F9344EE00CF1104 /* Funny Number 15oct17.app */ = {isa = PBXFileReference; explicitFileType = wrapper.application; includeInIndex = 0; path = "Funny Number 15oct17.app"; sourceTree = BUILT_PRODUCTS_DIR; };
		C4EDA2751F9344EE00CF1104 /* AppDelegate.swift */ = {isa = PBXFileReference; lastKnownFileType = sourcecode.swift; path = AppDelegate.swift; sourceTree = "<group>"; };
		C4EDA2771F9344EE00CF1104 /* ViewController.swift */ = {isa = PBXFileReference; lastKnownFileType = sourcecode.swift; path = ViewController.swift; sourceTree = "<group>"; };
		C4EDA27A1F9344EE00CF1104 /* Base */ = {isa = PBXFileReference; lastKnownFileType = file.storyboard; name = Base; path = Base.lproj/Main.storyboard; sourceTree = "<group>"; };
		C4EDA27C1F9344EE00CF1104 /* Assets.xcassets */ = {isa = PBXFileReference; lastKnownFileType = folder.assetcatalog; path = Assets.xcassets; sourceTree = "<group>"; };
		C4EDA27F1F9344EE00CF1104 /* Base */ = {isa = PBXFileReference; lastKnownFileType = file.storyboard; name = Base; path = Base.lproj/LaunchScreen.storyboard; sourceTree = "<group>"; };
		C4EDA2811F9344EE00CF1104 /* Info.plist */ = {isa = PBXFileReference; lastKnownFileType = text.plist.xml; path = Info.plist; sourceTree = "<group>"; };
		C4EDA2871F9346FF00CF1104 /* logo.png */ = {isa = PBXFileReference; lastKnownFileType = image.png; path = logo.png; sourceTree = "<group>"; };
		C4EDA2891F93481900CF1104 /* tobias-van-schneider-230167.jpg */ = {isa = PBXFileReference; lastKnownFileType = image.jpeg; path = "tobias-van-schneider-230167.jpg"; sourceTree = "<group>"; };
		C4EDA28B1F934DC200CF1104 /* ic_keyboard_arrow_right_white_2x.png */ = {isa = PBXFileReference; lastKnownFileType = image.png; path = ic_keyboard_arrow_right_white_2x.png; sourceTree = "<group>"; };
		C4EDA28C1F934DC200CF1104 /* ic_keyboard_arrow_right_white_3x.png */ = {isa = PBXFileReference; lastKnownFileType = image.png; path = ic_keyboard_arrow_right_white_3x.png; sourceTree = "<group>"; };
		C4EDA28D1F934DC200CF1104 /* ic_keyboard_arrow_right_white.png */ = {isa = PBXFileReference; lastKnownFileType = image.png; path = ic_keyboard_arrow_right_white.png; sourceTree = "<group>"; };
		C4EDA2911F934E7200CF1104 /* if_shop-15_730800.png */ = {isa = PBXFileReference; lastKnownFileType = image.png; path = "if_shop-15_730800.png"; sourceTree = "<group>"; };
/* End PBXFileReference section */

/* Begin PBXFrameworksBuildPhase section */
		C4EDA26F1F9344EE00CF1104 /* Frameworks */ = {
			isa = PBXFrameworksBuildPhase;
			buildActionMask = 2147483647;
			files = (
			);
			runOnlyForDeploymentPostprocessing = 0;
		};
/* End PBXFrameworksBuildPhase section */

/* Begin PBXGroup section */
		C4EDA2691F9344EE00CF1104 = {
			isa = PBXGroup;
			children = (
				C4EDA2741F9344EE00CF1104 /* Funny Number 15oct17 */,
				C4EDA2731F9344EE00CF1104 /* Products */,
			);
			sourceTree = "<group>";
		};
		C4EDA2731F9344EE00CF1104 /* Products */ = {
			isa = PBXGroup;
			children = (
				C4EDA2721F9344EE00CF1104 /* Funny Number 15oct17.app */,
			);
			name = Products;
			sourceTree = "<group>";
		};
		C4EDA2741F9344EE00CF1104 /* Funny Number 15oct17 */ = {
			isa = PBXGroup;
			children = (
				C4EDA2751F9344EE00CF1104 /* AppDelegate.swift */,
				C4EDA2771F9344EE00CF1104 /* ViewController.swift */,
				C4EDA2791F9344EE00CF1104 /* Main.storyboard */,
				C4EDA27C1F9344EE00CF1104 /* Assets.xcassets */,
				C4408FA21F93506900E52FCF /* ic_keyboard_arrow_left_white_2x.png */,
				C4408FA11F93506900E52FCF /* ic_keyboard_arrow_left_white_3x.png */,
				C4408FA31F93506900E52FCF /* ic_keyboard_arrow_left_white.png */,
				C4EDA2911F934E7200CF1104 /* if_shop-15_730800.png */,
				C4EDA28B1F934DC200CF1104 /* ic_keyboard_arrow_right_white_2x.png */,
				C4EDA28C1F934DC200CF1104 /* ic_keyboard_arrow_right_white_3x.png */,
				C4EDA28D1F934DC200CF1104 /* ic_keyboard_arrow_right_white.png */,
				C4EDA2891F93481900CF1104 /* tobias-van-schneider-230167.jpg */,
				C4EDA2871F9346FF00CF1104 /* logo.png */,
				C4EDA27E1F9344EE00CF1104 /* LaunchScreen.storyboard */,
				C4EDA2811F9344EE00CF1104 /* Info.plist */,
			);
			path = "Funny Number 15oct17";
			sourceTree = "<group>";
		};
/* End PBXGroup section */

/* Begin PBXNativeTarget section */
		C4EDA2711F9344EE00CF1104 /* Funny Number 15oct17 */ = {
			isa = PBXNativeTarget;
			buildConfigurationList = C4EDA2841F9344EE00CF1104 /* Build configuration list for PBXNativeTarget "Funny Number 15oct17" */;
			buildPhases = (
				C4EDA26E1F9344EE00CF1104 /* Sources */,
				C4EDA26F1F9344EE00CF1104 /* Frameworks */,
				C4EDA2701F9344EE00CF1104 /* Resources */,
			);
			buildRules = (
			);
			dependencies = (
			);
			name = "Funny Number 15oct17";
			productName = "Funny Number 15oct17";
			productReference = C4EDA2721F9344EE00CF1104 /* Funny Number 15oct17.app */;
			productType = "com.apple.product-type.application";
		};
/* End PBXNativeTarget section */

/* Begin PBXProject section */
		C4EDA26A1F9344EE00CF1104 /* Project object */ = {
			isa = PBXProject;
			attributes = {
				LastSwiftUpdateCheck = 0900;
				LastUpgradeCheck = 0900;
				ORGANIZATIONNAME = MasterUNG;
				TargetAttributes = {
					C4EDA2711F9344EE00CF1104 = {
						CreatedOnToolsVersion = 9.0;
						ProvisioningStyle = Automatic;
					};
				};
			};
			buildConfigurationList = C4EDA26D1F9344EE00CF1104 /* Build configuration list for PBXProject "Funny Number 15oct17" */;
			compatibilityVersion = "Xcode 8.0";
			developmentRegion = en;
			hasScannedForEncodings = 0;
			knownRegions = (
				en,
				Base,
			);
			mainGroup = C4EDA2691F9344EE00CF1104;
			productRefGroup = C4EDA2731F9344EE00CF1104 /* Products */;
			projectDirPath = "";
			projectRoot = "";
			targets = (
				C4EDA2711F9344EE00CF1104 /* Funny Number 15oct17 */,
			);
		};
/* End PBXProject section */

/* Begin PBXResourcesBuildPhase section */
		C4EDA2701F9344EE00CF1104 /* Resources */ = {
			isa = PBXResourcesBuildPhase;
			buildActionMask = 2147483647;
			files = (
				C4EDA2881F93470000CF1104 /* logo.png in Resources */,
				C4EDA2921F934E7200CF1104 /* if_shop-15_730800.png in Resources */,
				C4EDA28A1F93481900CF1104 /* tobias-van-schneider-230167.jpg in Resources */,
				C4EDA2801F9344EE00CF1104 /* LaunchScreen.storyboard in Resources */,
				C4408FA41F93506900E52FCF /* ic_keyboard_arrow_left_white_3x.png in Resources */,
				C4EDA28E1F934DC300CF1104 /* ic_keyboard_arrow_right_white_2x.png in Resources */,
				C4408FA61F93506900E52FCF /* ic_keyboard_arrow_left_white.png in Resources */,
				C4EDA27D1F9344EE00CF1104 /* Assets.xcassets in Resources */,
				C4EDA2901F934DC300CF1104 /* ic_keyboard_arrow_right_white.png in Resources */,
				C4EDA28F1F934DC300CF1104 /* ic_keyboard_arrow_right_white_3x.png in Resources */,
				C4408FA51F93506900E52FCF /* ic_keyboard_arrow_left_white_2x.png in Resources */,
				C4EDA27B1F9344EE00CF1104 /* Main.storyboard in Resources */,
			);
			runOnlyForDeploymentPostprocessing = 0;
		};
/* End PBXResourcesBuildPhase section */

/* Begin PBXSourcesBuildPhase section */
		C4EDA26E1F9344EE00CF1104 /* Sources */ = {
			isa = PBXSourcesBuildPhase;
			buildActionMask = 2147483647;
			files = (
				C4EDA2781F9344EE00CF1104 /* ViewController.swift in Sources */,
				C4EDA2761F9344EE00CF1104 /* AppDelegate.swift in Sources */,
			);
			runOnlyForDeploymentPostprocessing = 0;
		};
/* End PBXSourcesBuildPhase section */

/* Begin PBXVariantGroup section */
		C4EDA2791F9344EE00CF1104 /* Main.storyboard */ = {
			isa = PBXVariantGroup;
			children = (
				C4EDA27A1F9344EE00CF1104 /* Base */,
			);
			name = Main.storyboard;
			sourceTree = "<group>";
		};
		C4EDA27E1F9344EE00CF1104 /* LaunchScreen.storyboard */ = {
			isa = PBXVariantGroup;
			children = (
				C4EDA27F1F9344EE00CF1104 /* Base */,
			);
			name = LaunchScreen.storyboard;
			sourceTree = "<group>";
		};
/* End PBXVariantGroup section */

/* Begin XCBuildConfiguration section */
		C4EDA2821F9344EE00CF1104 /* Debug */ = {
			isa = XCBuildConfiguration;
			buildSettings = {
				ALWAYS_SEARCH_USER_PATHS = NO;
				CLANG_ANALYZER_NONNULL = YES;
				CLANG_ANALYZER_NUMBER_OBJECT_CONVERSION = YES_AGGRESSIVE;
				CLANG_CXX_LANGUAGE_STANDARD = "gnu++14";
				CLANG_CXX_LIBRARY = "libc++";
				CLANG_ENABLE_MODULES = YES;
				CLANG_ENABLE_OBJC_ARC = YES;
				CLANG_WARN_BLOCK_CAPTURE_AUTORELEASING = YES;
				CLANG_WARN_BOOL_CONVERSION = YES;
				CLANG_WARN_COMMA = YES;
				CLANG_WARN_CONSTANT_CONVERSION = YES;
				CLANG_WARN_DIRECT_OBJC_ISA_USAGE = YES_ERROR;
				CLANG_WARN_DOCUMENTATION_COMMENTS = YES;
				CLANG_WARN_EMPTY_BODY = YES;
				CLANG_WARN_ENUM_CONVERSION = YES;
				CLANG_WARN_INFINITE_RECURSION = YES;
				CLANG_WARN_INT_CONVERSION = YES;
				CLANG_WARN_NON_LITERAL_NULL_CONVERSION = YES;
				CLANG_WARN_OBJC_LITERAL_CONVERSION = YES;
				CLANG_WARN_OBJC_ROOT_CLASS = YES_ERROR;
				CLANG_WARN_RANGE_LOOP_ANALYSIS = YES;
				CLANG_WARN_STRICT_PROTOTYPES = YES;
				CLANG_WARN_SUSPICIOUS_MOVE = YES;
				CLANG_WARN_UNGUARDED_AVAILABILITY = YES_AGGRESSIVE;
				CLANG_WARN_UNREACHABLE_CODE = YES;
				CLANG_WARN__DUPLICATE_METHOD_MATCH = YES;
				CODE_SIGN_IDENTITY = "iPhone Developer";
				COPY_PHASE_STRIP = NO;
				DEBUG_INFORMATION_FORMAT = dwarf;
				ENABLE_STRICT_OBJC_MSGSEND = YES;
				ENABLE_TESTABILITY = YES;
				GCC_C_LANGUAGE_STANDARD = gnu11;
				GCC_DYNAMIC_NO_PIC = NO;
				GCC_NO_COMMON_BLOCKS = YES;
				GCC_OPTIMIZATION_LEVEL = 0;
				GCC_PREPROCESSOR_DEFINITIONS = (
					"DEBUG=1",
					"$(inherited)",
				);
				GCC_WARN_64_TO_32_BIT_CONVERSION = YES;
				GCC_WARN_ABOUT_RETURN_TYPE = YES_ERROR;
				GCC_WARN_UNDECLARED_SELECTOR = YES;
				GCC_WARN_UNINITIALIZED_AUTOS = YES_AGGRESSIVE;
				GCC_WARN_UNUSED_FUNCTION = YES;
				GCC_WARN_UNUSED_VARIABLE = YES;
				IPHONEOS_DEPLOYMENT_TARGET = 11.0;
				MTL_ENABLE_DEBUG_INFO = YES;
				ONLY_ACTIVE_ARCH = YES;
				SDKROOT = iphoneos;
				SWIFT_ACTIVE_COMPILATION_CONDITIONS = DEBUG;
				SWIFT_OPTIMIZATION_LEVEL = "-Onone";
			};
			name = Debug;
		};
		C4EDA2831F9344EE00CF1104 /* Release */ = {
			isa = XCBuildConfiguration;
			buildSettings = {
				ALWAYS_SEARCH_USER_PATHS = NO;
				CLANG_ANALYZER_NONNULL = YES;
				CLANG_ANALYZER_NUMBER_OBJECT_CONVERSION = YES_AGGRESSIVE;
				CLANG_CXX_LANGUAGE_STANDARD = "gnu++14";
				CLANG_CXX_LIBRARY = "libc++";
				CLANG_ENABLE_MODULES = YES;
				CLANG_ENABLE_OBJC_ARC = YES;
				CLANG_WARN_BLOCK_CAPTURE_AUTORELEASING = YES;
				CLANG_WARN_BOOL_CONVERSION = YES;
				CLANG_WARN_COMMA = YES;
				CLANG_WARN_CONSTANT_CONVERSION = YES;
				CLANG_WARN_DIRECT_OBJC_ISA_USAGE = YES_ERROR;
				CLANG_WARN_DOCUMENTATION_COMMENTS = YES;
				CLANG_WARN_EMPTY_BODY = YES;
				CLANG_WARN_ENUM_CONVERSION = YES;
				CLANG_WARN_INFINITE_RECURSION = YES;
				CLANG_WARN_INT_CONVERSION = YES;
				CLANG_WARN_NON_LITERAL_NULL_CONVERSION = YES;
				CLANG_WARN_OBJC_LITERAL_CONVERSION = YES;
				CLANG_WARN_OBJC_ROOT_CLASS = YES_ERROR;
				CLANG_WARN_RANGE_LOOP_ANALYSIS = YES;
				CLANG_WARN_STRICT_PROTOTYPES = YES;
				CLANG_WARN_SUSPICIOUS_MOVE = YES;
				CLANG_WARN_UNGUARDED_AVAILABILITY = YES_AGGRESSIVE;
				CLANG_WARN_UNREACHABLE_CODE = YES;
				CLANG_WARN__DUPLICATE_METHOD_MATCH = YES;
				CODE_SIGN_IDENTITY = "iPhone Developer";
				COPY_PHASE_STRIP = NO;
				DEBUG_INFORMATION_FORMAT = "dwarf-with-dsym";
				ENABLE_NS_ASSERTIONS = NO;
				ENABLE_STRICT_OBJC_MSGSEND = YES;
				GCC_C_LANGUAGE_STANDARD = gnu11;
				GCC_NO_COMMON_BLOCKS = YES;
				GCC_WARN_64_TO_32_BIT_CONVERSION = YES;
				GCC_WARN_ABOUT_RETURN_TYPE = YES_ERROR;
				GCC_WARN_UNDECLARED_SELECTOR = YES;
				GCC_WARN_UNINITIALIZED_AUTOS = YES_AGGRESSIVE;
				GCC_WARN_UNUSED_FUNCTION = YES;
				GCC_WARN_UNUSED_VARIABLE = YES;
				IPHONEOS_DEPLOYMENT_TARGET = 11.0;
				MTL_ENABLE_DEBUG_INFO = NO;
				SDKROOT = iphoneos;
				SWIFT_OPTIMIZATION_LEVEL = "-Owholemodule";
				VALIDATE_PRODUCT = YES;
			};
			name = Release;
		};
		C4EDA2851F9344EE00CF1104 /* Debug */ = {
			isa = XCBuildConfiguration;
			buildSettings = {
				ASSETCATALOG_COMPILER_APPICON_NAME = AppIcon;
				CODE_SIGN_STYLE = Automatic;
				INFOPLIST_FILE = "Funny Number 15oct17/Info.plist";
				LD_RUNPATH_SEARCH_PATHS = "$(inherited) @executable_path/Frameworks";
				PRODUCT_BUNDLE_IDENTIFIER = "app.EWTC.MasterUNG.Funny-Number-15oct17";
				PRODUCT_NAME = "$(TARGET_NAME)";
				SWIFT_VERSION = 4.0;
				TARGETED_DEVICE_FAMILY = "1,2";
			};
			name = Debug;
		};
		C4EDA2861F9344EE00CF1104 /* Release */ = {
			isa = XCBuildConfiguration;
			buildSettings = {
				ASSETCATALOG_COMPILER_APPICON_NAME = AppIcon;
				CODE_SIGN_STYLE = Automatic;
				INFOPLIST_FILE = "Funny Number 15oct17/Info.plist";
				LD_RUNPATH_SEARCH_PATHS = "$(inherited) @executable_path/Frameworks";
				PRODUCT_BUNDLE_IDENTIFIER = "app.EWTC.MasterUNG.Funny-Number-15oct17";
				PRODUCT_NAME = "$(TARGET_NAME)";
				SWIFT_VERSION = 4.0;
				TARGETED_DEVICE_FAMILY = "1,2";
			};
			name = Release;
		};
/* End XCBuildConfiguration section */

/* Begin XCConfigurationList section */
		C4EDA26D1F9344EE00CF1104 /* Build configuration list for PBXProject "Funny Number 15oct17" */ = {
			isa = XCConfigurationList;
			buildConfigurations = (
				C4EDA2821F9344EE00CF1104 /* Debug */,
				C4EDA2831F9344EE00CF1104 /* Release */,
			);
			defaultConfigurationIsVisible = 0;
			defaultConfigurationName = Release;
		};
		C4EDA2841F9344EE00CF1104 /* Build configuration list for PBXNativeTarget "Funny Number 15oct17" */ = {
			isa = XCConfigurationList;
			buildConfigurations = (
				C4EDA2851F9344EE00CF1104 /* Debug */,
				C4EDA2861F9344EE00CF1104 /* Release */,
			);
			defaultConfigurationIsVisible = 0;
			defaultConfigurationName = Release;
		};
/* End XCConfigurationList section */
	};
	rootObject = C4EDA26A1F9344EE00CF1104 /* Project object */;
}
